{
  "name": "costco_pj",
  "lockfileVersion": 2,
  "requires": true,
  "packages": {
    "": {
      "devDependencies": {
        "@types/morgan": "^1.9.3"
      }
    },
    "node_modules/@types/morgan": {
      "version": "1.9.3",
      "resolved": "https://registry.npmjs.org/@types/morgan/-/morgan-1.9.3.tgz",
      "integrity": "sha512-BiLcfVqGBZCyNCnCH3F4o2GmDLrpy0HeBVnNlyZG4fo88ZiE9SoiBe3C+2ezuwbjlEyT+PDZ17//TAlRxAn75Q==",
      "dev": true,
      "dependencies": {
        "@types/node": "*"
      }
    },
    "node_modules/@types/node": {
      "version": "18.11.0",
      "resolved": "https://registry.npmjs.org/@types/node/-/node-18.11.0.tgz",
      "integrity": "sha512-IOXCvVRToe7e0ny7HpT/X9Rb2RYtElG1a+VshjwT00HxrM2dWBApHQoqsI6WiY7Q03vdf2bCrIGzVrkF/5t10w==",
      "dev": true
    }
  },
  "dependencies": {
    "@types/morgan": {
      "version": "1.9.3",
      "resolved": "https://registry.npmjs.org/@types/morgan/-/morgan-1.9.3.tgz",
      "integrity": "sha512-BiLcfVqGBZCyNCnCH3F4o2GmDLrpy0HeBVnNlyZG4fo88ZiE9SoiBe3C+2ezuwbjlEyT+PDZ17//TAlRxAn75Q==",
      "dev": true,
      "requires": {
        "@types/node": "*"
      }
    },
    "@types/node": {
      "version": "18.11.0",
      "resolved": "https://registry.npmjs.org/@types/node/-/node-18.11.0.tgz",
      "integrity": "sha512-IOXCvVRToe7e0ny7HpT/X9Rb2RYtElG1a+VshjwT00HxrM2dWBApHQoqsI6WiY7Q03vdf2bCrIGzVrkF/5t10w==",
      "dev": true
    }
  }
}
